
Microsoft Visual Studio Solution File, Format Version 12.00
# Visual Studio Version 16
VisualStudioVersion = 16.0.29806.167
MinimumVisualStudioVersion = 10.0.40219.1
Project("{FAE04EC0-301F-11D3-BF4B-00C04F79EFBC}") = "ПрактическаяРабота№2Беперщ", "ПрактическаяРабота№2Беперщ.csproj", "{046991A5-22C0-4AB9-8724-784FD2CBC689}"
EndProject
Global
	GlobalSection(SolutionConfigurationPlatforms) = preSolution
		Debug|Any CPU = Debug|Any CPU
		Release|Any CPU = Release|Any CPU
	EndGlobalSection
	GlobalSection(ProjectConfigurationPlatforms) = postSolution
		{046991A5-22C0-4AB9-8724-784FD2CBC689}.Debug|Any CPU.ActiveCfg = Debug|Any CPU
		{046991A5-22C0-4AB9-8724-784FD2CBC689}.Debug|Any CPU.Build.0 = Debug|Any CPU
		{046991A5-22C0-4AB9-8724-784FD2CBC689}.Release|Any CPU.ActiveCfg = Release|Any CPU
		{046991A5-22C0-4AB9-8724-784FD2CBC689}.Release|Any CPU.Build.0 = Release|Any CPU
	EndGlobalSection
	GlobalSection(SolutionProperties) = preSolution
		HideSolutionNode = FALSE
	EndGlobalSection
	GlobalSection(ExtensibilityGlobals) = postSolution
		SolutionGuid = {FED72B22-5C1F-4C5F-BCBE-C2030EAFD9CB}
	EndGlobalSection
EndGlobal
